
Microsoft Visual Studio Solution File, Format Version 12.00
Project("{FAE04EC0-301F-11D3-BF4B-00C04F79EFBC}") = "Rice.Showcase", "Rice.Showcase\Rice.Showcase.csproj", "{B3440B66-D462-45E0-AFEB-B6BFEBE31BD7}"
EndProject
Project("{FAE04EC0-301F-11D3-BF4B-00C04F79EFBC}") = "Rice.Components", "Rice.Components\Rice.Components.csproj", "{BB58A95D-79D3-4E6A-AE9A-B4E9E094946E}"
EndProject
Global
	GlobalSection(SolutionConfigurationPlatforms) = preSolution
		Debug|Any CPU = Debug|Any CPU
		Release|Any CPU = Release|Any CPU
	EndGlobalSection
	GlobalSection(ProjectConfigurationPlatforms) = postSolution
		{B3440B66-D462-45E0-AFEB-B6BFEBE31BD7}.Debug|Any CPU.ActiveCfg = Debug|Any CPU
		{B3440B66-D462-45E0-AFEB-B6BFEBE31BD7}.Debug|Any CPU.Build.0 = Debug|Any CPU
		{B3440B66-D462-45E0-AFEB-B6BFEBE31BD7}.Release|Any CPU.ActiveCfg = Release|Any CPU
		{B3440B66-D462-45E0-AFEB-B6BFEBE31BD7}.Release|Any CPU.Build.0 = Release|Any CPU
		{BB58A95D-79D3-4E6A-AE9A-B4E9E094946E}.Debug|Any CPU.ActiveCfg = Debug|Any CPU
		{BB58A95D-79D3-4E6A-AE9A-B4E9E094946E}.Debug|Any CPU.Build.0 = Debug|Any CPU
		{BB58A95D-79D3-4E6A-AE9A-B4E9E094946E}.Release|Any CPU.ActiveCfg = Release|Any CPU
		{BB58A95D-79D3-4E6A-AE9A-B4E9E094946E}.Release|Any CPU.Build.0 = Release|Any CPU
	EndGlobalSection
EndGlobal
